
Microsoft Visual Studio Solution File, Format Version 12.00
# Visual Studio Version 16
VisualStudioVersion = 16.0.30225.117
MinimumVisualStudioVersion = 10.0.40219.1
Project("{FAE04EC0-301F-11D3-BF4B-00C04F79EFBC}") = "CeeCam_ServiceManager", "CeeCam_ServiceManager.csproj", "{763725CA-7A4A-427F-B5A5-A0319C1E5450}"
EndProject
Global
	GlobalSection(SolutionConfigurationPlatforms) = preSolution
		Debug|Any CPU = Debug|Any CPU
		Release|Any CPU = Release|Any CPU
	EndGlobalSection
	GlobalSection(ProjectConfigurationPlatforms) = postSolution
		{763725CA-7A4A-427F-B5A5-A0319C1E5450}.Debug|Any CPU.ActiveCfg = Debug|Any CPU
		{763725CA-7A4A-427F-B5A5-A0319C1E5450}.Debug|Any CPU.Build.0 = Debug|Any CPU
		{763725CA-7A4A-427F-B5A5-A0319C1E5450}.Release|Any CPU.ActiveCfg = Release|Any CPU
		{763725CA-7A4A-427F-B5A5-A0319C1E5450}.Release|Any CPU.Build.0 = Release|Any CPU
	EndGlobalSection
	GlobalSection(SolutionProperties) = preSolution
		HideSolutionNode = FALSE
	EndGlobalSection
	GlobalSection(ExtensibilityGlobals) = postSolution
		SolutionGuid = {FAF4684B-4035-44C0-8945-9DAAC3580178}
	EndGlobalSection
EndGlobal
